{
  "projects": [
    {
      "projectId": "9yKGoJuPhuASzRyvAzmezj",
      "version": "latest",
      "dependencies": {},
      "lang": "ts",
      "fileLocks": [
        {
          "type": "globalVariant",
          "assetId": "TyT3u_zneAkw",
          "checksum": "f5a2ed56a09407777292dab77911addf"
        },
        {
          "type": "renderModule",
          "assetId": "BdZ1b3z7BTv0",
          "checksum": "0de4adc4320b277c651a98f419c0d88a"
        },
        {
          "type": "cssRules",
          "assetId": "BdZ1b3z7BTv0",
          "checksum": "0de4adc4320b277c651a98f419c0d88a"
        },
        {
          "type": "renderModule",
          "assetId": "ZwP2soqJuCK6",
          "checksum": "68d1ff08578de40d4fee8f5c81400a57"
        },
        {
          "type": "cssRules",
          "assetId": "ZwP2soqJuCK6",
          "checksum": "68d1ff08578de40d4fee8f5c81400a57"
        },
        {
          "type": "renderModule",
          "assetId": "vAN45c9Tme0v",
          "checksum": "d6510a56c4d1fca3f4ef861336fbb812"
        },
        {
          "type": "cssRules",
          "assetId": "vAN45c9Tme0v",
          "checksum": "d6510a56c4d1fca3f4ef861336fbb812"
        },
        {
          "type": "renderModule",
          "assetId": "jPNsII68cxmn",
          "checksum": "76686616efa6ff1aaf3d63ae6639372a"
        },
        {
          "type": "cssRules",
          "assetId": "jPNsII68cxmn",
          "checksum": "76686616efa6ff1aaf3d63ae6639372a"
        },
        {
          "type": "renderModule",
          "assetId": "SDaCoeduWJgg",
          "checksum": "62d96ad4826468bba45cfb65e0739b9d"
        },
        {
          "type": "cssRules",
          "assetId": "SDaCoeduWJgg",
          "checksum": "62d96ad4826468bba45cfb65e0739b9d"
        },
        {
          "type": "renderModule",
          "assetId": "yk0BQURjG263",
          "checksum": "2e911fbe0378131f0d36db0aaf99654e"
        },
        {
          "type": "cssRules",
          "assetId": "yk0BQURjG263",
          "checksum": "2e911fbe0378131f0d36db0aaf99654e"
        },
        {
          "type": "renderModule",
          "assetId": "aJnHaFFIy4EU",
          "checksum": "3f5aaf17ef92376ce6161324616394d7"
        },
        {
          "type": "cssRules",
          "assetId": "aJnHaFFIy4EU",
          "checksum": "3f5aaf17ef92376ce6161324616394d7"
        },
        {
          "type": "renderModule",
          "assetId": "rxxcuNWje4Xj",
          "checksum": "0f2f0f4f90f00092e1a5a3758c5bfac6"
        },
        {
          "type": "cssRules",
          "assetId": "rxxcuNWje4Xj",
          "checksum": "0f2f0f4f90f00092e1a5a3758c5bfac6"
        },
        {
          "type": "renderModule",
          "assetId": "BYYRoev3B_Fh",
          "checksum": "122d5f59801663621636612a481e6c2e"
        },
        {
          "type": "cssRules",
          "assetId": "BYYRoev3B_Fh",
          "checksum": "122d5f59801663621636612a481e6c2e"
        },
        {
          "type": "renderModule",
          "assetId": "sqKqT-1fz402",
          "checksum": "ca35be0bd6866c44c8ad02dda7f98a96"
        },
        {
          "type": "cssRules",
          "assetId": "sqKqT-1fz402",
          "checksum": "ca35be0bd6866c44c8ad02dda7f98a96"
        },
        {
          "type": "renderModule",
          "assetId": "mRX-7KEjnKAI",
          "checksum": "9d12af76e124510c5ac4569998fb3779"
        },
        {
          "type": "cssRules",
          "assetId": "mRX-7KEjnKAI",
          "checksum": "9d12af76e124510c5ac4569998fb3779"
        },
        {
          "type": "renderModule",
          "assetId": "AQ-CadsKWzf6",
          "checksum": "9b9f5d92835409ef60ed39b86cdc7c43"
        },
        {
          "type": "cssRules",
          "assetId": "AQ-CadsKWzf6",
          "checksum": "9b9f5d92835409ef60ed39b86cdc7c43"
        },
        {
          "type": "renderModule",
          "assetId": "P82FRSoypaDA",
          "checksum": "56658ba5b1583857960ba9bcb5a5b325"
        },
        {
          "type": "cssRules",
          "assetId": "P82FRSoypaDA",
          "checksum": "56658ba5b1583857960ba9bcb5a5b325"
        },
        {
          "type": "renderModule",
          "assetId": "2JrdfIII1437",
          "checksum": "39df37328fcc20e68b4332276d0d93d0"
        },
        {
          "type": "cssRules",
          "assetId": "2JrdfIII1437",
          "checksum": "39df37328fcc20e68b4332276d0d93d0"
        },
        {
          "type": "renderModule",
          "assetId": "jy5YgdaxU1zx",
          "checksum": "830172810b907e6ec1e0775a1cf560cc"
        },
        {
          "type": "cssRules",
          "assetId": "jy5YgdaxU1zx",
          "checksum": "830172810b907e6ec1e0775a1cf560cc"
        },
        {
          "type": "renderModule",
          "assetId": "xPm2mk4IubOx",
          "checksum": "65370b6fd8e896e76321a7b0300f0722"
        },
        {
          "type": "cssRules",
          "assetId": "xPm2mk4IubOx",
          "checksum": "65370b6fd8e896e76321a7b0300f0722"
        },
        {
          "type": "icon",
          "assetId": "MC95sizZ-iB7",
          "checksum": "cf95825a8cee2d4c8727700e502348b2"
        },
        {
          "type": "icon",
          "assetId": "Hi2_6wYHoN2q",
          "checksum": "bd1bd14532726612f591c7dc9c7ed6fc"
        },
        {
          "type": "icon",
          "assetId": "MKkIN5J5z85-",
          "checksum": "68562ecb90b818cf6fa6d12137c728e9"
        },
        {
          "type": "icon",
          "assetId": "wpTuRs5mGwRF",
          "checksum": "79136eafea93ac3649b2a943d47ab979"
        },
        {
          "type": "icon",
          "assetId": "bXnfiQdjwASO",
          "checksum": "aabdf96ae86a3ffa828d0d2b7ab68bc3"
        },
        {
          "type": "icon",
          "assetId": "6hfDyUM1sZcW",
          "checksum": "1088a636ee14e0ff45c6a6a78d1bc570"
        },
        {
          "type": "icon",
          "assetId": "mZEk2Y0zbcNz",
          "checksum": "727155cb736e8c45fc9794732c7ad97d"
        },
        {
          "type": "icon",
          "assetId": "mn-115zrAzoe",
          "checksum": "5c908db68fe38619c317b0b04d803aa7"
        },
        {
          "type": "icon",
          "assetId": "oq5LF8G_BYl3",
          "checksum": "677e74795121f306750a0371763e9538"
        },
        {
          "type": "icon",
          "assetId": "926MVxxLH2SG",
          "checksum": "9160c8e6a3dddffe058578b0f90c70dd"
        },
        {
          "type": "icon",
          "assetId": "8l9CWWTVk4n4",
          "checksum": "7146861d12f12554834c6c961abb1399"
        },
        {
          "type": "icon",
          "assetId": "w3_eFmzsklMA",
          "checksum": "ecc973db929777015ad6f11731011b90"
        },
        {
          "type": "icon",
          "assetId": "Onr-GIAG7zxA",
          "checksum": "fb134fc31b739e201865ce5dd9e5f2e1"
        },
        {
          "type": "icon",
          "assetId": "R2Ch2VXmGIgF",
          "checksum": "496547033a5e9410b03f0b6179e945d8"
        },
        {
          "type": "icon",
          "assetId": "WvVby7mkTw7e",
          "checksum": "fb1c951b3e996e2b71793a5f7ecd3faa"
        },
        {
          "type": "icon",
          "assetId": "0ds3icbTa3PF",
          "checksum": "56b002ce95ef8c02073d03ba8c440cd8"
        },
        {
          "type": "icon",
          "assetId": "VwMjGt0LNz_T",
          "checksum": "bb1d4396230135554ed545f78d9c87ad"
        },
        {
          "type": "image",
          "assetId": "bc6pCo0pgZpd",
          "checksum": "f5684899f2b4b2d9170f35ea40674935"
        },
        {
          "type": "image",
          "assetId": "tau17RIxei1D",
          "checksum": "bcf5731e0bf074066042f40b00923c76"
        },
        {
          "type": "image",
          "assetId": "Cg2z8U9cy4Z6",
          "checksum": "86b4a71c5048e620a134f763b67f1458"
        },
        {
          "type": "image",
          "assetId": "9kHK61ucdy_2",
          "checksum": "a04598347f7408b7794dc14ed3c754f2"
        },
        {
          "type": "image",
          "assetId": "kj0Hrp2MthL6",
          "checksum": "d80cdaf5ea1ec94a0f3978cc1832d20f"
        },
        {
          "type": "image",
          "assetId": "KV07KWtFKMAb",
          "checksum": "b2a8574f2e51653a487d71268028441d"
        },
        {
          "type": "image",
          "assetId": "pweVf3vIxKL4",
          "checksum": "58efb5d98f99a81054b18b0453c21239"
        },
        {
          "type": "image",
          "assetId": "pMPhMz0xHslO",
          "checksum": "7a33a6b8aeb74be1639de19b49d06505"
        },
        {
          "type": "image",
          "assetId": "yNf4SsdzmfG4",
          "checksum": "b0740951bf1ed29d319b79decbef7fa6"
        },
        {
          "type": "image",
          "assetId": "StJKr9lmlEGt",
          "checksum": "fbaa6f088e4750a67e7a26fc84c65a57"
        },
        {
          "type": "image",
          "assetId": "xOVw7Qz9ywdR",
          "checksum": "c8ffe169685da6c3da2a094b53e5dda2"
        },
        {
          "type": "image",
          "assetId": "0_36NDENollz",
          "checksum": "ec008b29168aabf57993cf58ad45c84c"
        },
        {
          "type": "image",
          "assetId": "uVc3J_5dt8Rj",
          "checksum": "d0391845b30874a43c17fda8d3fed716"
        },
        {
          "type": "image",
          "assetId": "EXziHNMUboYc",
          "checksum": "5169dfceabb7faae0a0d6878bbdefa25"
        },
        {
          "type": "image",
          "assetId": "JKXMryNzLmmw",
          "checksum": "a8f81bc28758d046b16ae25a1d3d3a01"
        },
        {
          "type": "image",
          "assetId": "1__Yf7OCD2_y",
          "checksum": "3b46fa4b77bd32b04379b59506720ec5"
        },
        {
          "type": "image",
          "assetId": "qSSs6oRBGKXb",
          "checksum": "72524c7c90a79dfaa744cb1383454cb3"
        },
        {
          "type": "image",
          "assetId": "OAMVl5hbwESP",
          "checksum": "2a85ebb71f9bd4862e1c9452009bbc51"
        },
        {
          "type": "image",
          "assetId": "q4ET6KjB3k4E",
          "checksum": "b6eb95ad440e3ecf9d17b619f07ea65e"
        },
        {
          "type": "image",
          "assetId": "CD4tWr2q1a8O",
          "checksum": "68c76174f4d91560c339f926594b8b1f"
        },
        {
          "assetId": "9yKGoJuPhuASzRyvAzmezj",
          "type": "projectCss",
          "checksum": "822aa1a6be0961a5041f1f71884a902f"
        }
      ],
      "codegenVersion": "0.0.1"
    }
  ],
  "cliVersion": "0.1.318"
}
